
Microsoft Visual Studio Solution File, Format Version 12.00
# Visual Studio Version 17
VisualStudioVersion = 17.9.34902.65
MinimumVisualStudioVersion = 10.0.40219.1
Project("{9A19103F-16F7-4668-BE54-9A1E7A4F7556}") = "Utility", "Utility\Utility.csproj", "{276F771D-A470-4FD0-AA03-0DB07774322F}"
EndProject
Project("{FAE04EC0-301F-11D3-BF4B-00C04F79EFBC}") = "UtilityTests", "UtilityTests\UtilityTests.csproj", "{1B9B1D79-007E-49FD-B3EE-F352459D2919}"
EndProject
Global
	GlobalSection(SolutionConfigurationPlatforms) = preSolution
		Debug|Any CPU = Debug|Any CPU
		Release|Any CPU = Release|Any CPU
	EndGlobalSection
	GlobalSection(ProjectConfigurationPlatforms) = postSolution
		{276F771D-A470-4FD0-AA03-0DB07774322F}.Debug|Any CPU.ActiveCfg = Debug|Any CPU
		{276F771D-A470-4FD0-AA03-0DB07774322F}.Debug|Any CPU.Build.0 = Debug|Any CPU
		{276F771D-A470-4FD0-AA03-0DB07774322F}.Release|Any CPU.ActiveCfg = Release|Any CPU
		{276F771D-A470-4FD0-AA03-0DB07774322F}.Release|Any CPU.Build.0 = Release|Any CPU
		{1B9B1D79-007E-49FD-B3EE-F352459D2919}.Debug|Any CPU.ActiveCfg = Debug|Any CPU
		{1B9B1D79-007E-49FD-B3EE-F352459D2919}.Debug|Any CPU.Build.0 = Debug|Any CPU
		{1B9B1D79-007E-49FD-B3EE-F352459D2919}.Release|Any CPU.ActiveCfg = Release|Any CPU
		{1B9B1D79-007E-49FD-B3EE-F352459D2919}.Release|Any CPU.Build.0 = Release|Any CPU
	EndGlobalSection
	GlobalSection(SolutionProperties) = preSolution
		HideSolutionNode = FALSE
	EndGlobalSection
	GlobalSection(ExtensibilityGlobals) = postSolution
		SolutionGuid = {716DB75E-32F9-4E71-8570-4B36842F1713}
	EndGlobalSection
EndGlobal
